
Microsoft Visual Studio Solution File, Format Version 12.00
# Visual Studio Version 16
VisualStudioVersion = 16.0.30907.101
MinimumVisualStudioVersion = 10.0.40219.1
Project("{FAE04EC0-301F-11D3-BF4B-00C04F79EFBC}") = "LiskovTestt", "LiskovTestt\LiskovTestt.csproj", "{F47300F5-1E5C-4F66-BB7F-1D6FE0C48E53}"
EndProject
Global
	GlobalSection(SolutionConfigurationPlatforms) = preSolution
		Debug|Any CPU = Debug|Any CPU
		Release|Any CPU = Release|Any CPU
	EndGlobalSection
	GlobalSection(ProjectConfigurationPlatforms) = postSolution
		{F47300F5-1E5C-4F66-BB7F-1D6FE0C48E53}.Debug|Any CPU.ActiveCfg = Debug|Any CPU
		{F47300F5-1E5C-4F66-BB7F-1D6FE0C48E53}.Debug|Any CPU.Build.0 = Debug|Any CPU
		{F47300F5-1E5C-4F66-BB7F-1D6FE0C48E53}.Release|Any CPU.ActiveCfg = Release|Any CPU
		{F47300F5-1E5C-4F66-BB7F-1D6FE0C48E53}.Release|Any CPU.Build.0 = Release|Any CPU
	EndGlobalSection
	GlobalSection(SolutionProperties) = preSolution
		HideSolutionNode = FALSE
	EndGlobalSection
	GlobalSection(ExtensibilityGlobals) = postSolution
		SolutionGuid = {CB559800-90E2-49C5-A91B-9CBBC7B00365}
	EndGlobalSection
EndGlobal
